
Microsoft Visual Studio Solution File, Format Version 12.00
Project("{FAE04EC0-301F-11D3-BF4B-00C04F79EFBC}") = "CarbonTrace.API", "CarbonTrace.API\CarbonTrace.API.csproj", "{DE77AACB-A2BF-4F6D-8C09-542C264A65CC}"
EndProject
Project("{2150E333-8FDC-42A3-9474-1A3956D46DE8}") = "test", "test", "{13167ECF-B9EF-443A-B9CD-E563D96CCA2E}"
EndProject
Project("{2150E333-8FDC-42A3-9474-1A3956D46DE8}") = "src", "src", "{7B992BD7-2506-4005-8D9B-0234D33274FA}"
EndProject
Project("{FAE04EC0-301F-11D3-BF4B-00C04F79EFBC}") = "CarbonTrace.Domain", "CarbonTrace.Domain\CarbonTrace.Domain.csproj", "{99C7B4EC-156E-4FA4-9C0B-2F263596DFCF}"
EndProject
Project("{FAE04EC0-301F-11D3-BF4B-00C04F79EFBC}") = "CarbonTrace.Infrastructure", "CarbonTrace.Infrastructure\CarbonTrace.Infrastructure.csproj", "{82D420E7-FF12-46F4-9C2C-622DCD517DB9}"
EndProject
Project("{FAE04EC0-301F-11D3-BF4B-00C04F79EFBC}") = "CarbonTrace.Application", "CarbonTrace.Application\CarbonTrace.Application.csproj", "{EE94E7B0-6CAD-45A0-95DA-A36C779BD435}"
EndProject
Global
	GlobalSection(SolutionConfigurationPlatforms) = preSolution
		Debug|Any CPU = Debug|Any CPU
		Release|Any CPU = Release|Any CPU
	EndGlobalSection
	GlobalSection(ProjectConfigurationPlatforms) = postSolution
		{DE77AACB-A2BF-4F6D-8C09-542C264A65CC}.Debug|Any CPU.ActiveCfg = Debug|Any CPU
		{DE77AACB-A2BF-4F6D-8C09-542C264A65CC}.Debug|Any CPU.Build.0 = Debug|Any CPU
		{DE77AACB-A2BF-4F6D-8C09-542C264A65CC}.Release|Any CPU.ActiveCfg = Release|Any CPU
		{DE77AACB-A2BF-4F6D-8C09-542C264A65CC}.Release|Any CPU.Build.0 = Release|Any CPU
		{99C7B4EC-156E-4FA4-9C0B-2F263596DFCF}.Debug|Any CPU.ActiveCfg = Debug|Any CPU
		{99C7B4EC-156E-4FA4-9C0B-2F263596DFCF}.Debug|Any CPU.Build.0 = Debug|Any CPU
		{99C7B4EC-156E-4FA4-9C0B-2F263596DFCF}.Release|Any CPU.ActiveCfg = Release|Any CPU
		{99C7B4EC-156E-4FA4-9C0B-2F263596DFCF}.Release|Any CPU.Build.0 = Release|Any CPU
		{82D420E7-FF12-46F4-9C2C-622DCD517DB9}.Debug|Any CPU.ActiveCfg = Debug|Any CPU
		{82D420E7-FF12-46F4-9C2C-622DCD517DB9}.Debug|Any CPU.Build.0 = Debug|Any CPU
		{82D420E7-FF12-46F4-9C2C-622DCD517DB9}.Release|Any CPU.ActiveCfg = Release|Any CPU
		{82D420E7-FF12-46F4-9C2C-622DCD517DB9}.Release|Any CPU.Build.0 = Release|Any CPU
		{EE94E7B0-6CAD-45A0-95DA-A36C779BD435}.Debug|Any CPU.ActiveCfg = Debug|Any CPU
		{EE94E7B0-6CAD-45A0-95DA-A36C779BD435}.Debug|Any CPU.Build.0 = Debug|Any CPU
		{EE94E7B0-6CAD-45A0-95DA-A36C779BD435}.Release|Any CPU.ActiveCfg = Release|Any CPU
		{EE94E7B0-6CAD-45A0-95DA-A36C779BD435}.Release|Any CPU.Build.0 = Release|Any CPU
	EndGlobalSection
	GlobalSection(NestedProjects) = preSolution
		{DE77AACB-A2BF-4F6D-8C09-542C264A65CC} = {7B992BD7-2506-4005-8D9B-0234D33274FA}
		{99C7B4EC-156E-4FA4-9C0B-2F263596DFCF} = {7B992BD7-2506-4005-8D9B-0234D33274FA}
		{82D420E7-FF12-46F4-9C2C-622DCD517DB9} = {7B992BD7-2506-4005-8D9B-0234D33274FA}
		{EE94E7B0-6CAD-45A0-95DA-A36C779BD435} = {7B992BD7-2506-4005-8D9B-0234D33274FA}
	EndGlobalSection
EndGlobal
